
Microsoft Visual Studio Solution File, Format Version 12.00
# Visual Studio Version 17
VisualStudioVersion = 17.8.34322.80
MinimumVisualStudioVersion = 10.0.40219.1
Project("{FAE04EC0-301F-11D3-BF4B-00C04F79EFBC}") = "ML.ConsoleApp", "MLSolution\ML.ConsoleApp.csproj", "{B75488ED-E09B-490C-BA96-04CE0B9203FA}"
EndProject
Global
	GlobalSection(SolutionConfigurationPlatforms) = preSolution
		Debug|Any CPU = Debug|Any CPU
		Release|Any CPU = Release|Any CPU
	EndGlobalSection
	GlobalSection(ProjectConfigurationPlatforms) = postSolution
		{B75488ED-E09B-490C-BA96-04CE0B9203FA}.Debug|Any CPU.ActiveCfg = Debug|Any CPU
		{B75488ED-E09B-490C-BA96-04CE0B9203FA}.Debug|Any CPU.Build.0 = Debug|Any CPU
		{B75488ED-E09B-490C-BA96-04CE0B9203FA}.Release|Any CPU.ActiveCfg = Release|Any CPU
		{B75488ED-E09B-490C-BA96-04CE0B9203FA}.Release|Any CPU.Build.0 = Release|Any CPU
	EndGlobalSection
	GlobalSection(SolutionProperties) = preSolution
		HideSolutionNode = FALSE
	EndGlobalSection
	GlobalSection(ExtensibilityGlobals) = postSolution
		SolutionGuid = {06FF9344-06AC-4544-A4F7-A3B7F12A13D6}
	EndGlobalSection
EndGlobal
